
Microsoft Visual Studio Solution File, Format Version 11.00
# Visual Studio 2010
Project("{8BC9CEB8-8B4A-11D0-8D11-00A0C91BC942}") = "vaohm14", "vaohm14\vaohm14.vcxproj", "{DB146403-D8D4-47D2-AA4C-410A30581A43}"
EndProject
Global
	GlobalSection(SolutionConfigurationPlatforms) = preSolution
		Debug|Win32 = Debug|Win32
		Release|Win32 = Release|Win32
	EndGlobalSection
	GlobalSection(ProjectConfigurationPlatforms) = postSolution
		{DB146403-D8D4-47D2-AA4C-410A30581A43}.Debug|Win32.ActiveCfg = Debug|Win32
		{DB146403-D8D4-47D2-AA4C-410A30581A43}.Debug|Win32.Build.0 = Debug|Win32
		{DB146403-D8D4-47D2-AA4C-410A30581A43}.Release|Win32.ActiveCfg = Release|Win32
		{DB146403-D8D4-47D2-AA4C-410A30581A43}.Release|Win32.Build.0 = Release|Win32
	EndGlobalSection
	GlobalSection(SolutionProperties) = preSolution
		HideSolutionNode = FALSE
	EndGlobalSection
EndGlobal
